
Microsoft Visual Studio Solution File, Format Version 12.00
# Visual Studio Version 17
VisualStudioVersion = 17.2.32616.157
MinimumVisualStudioVersion = 10.0.40219.1
Project("{9A19103F-16F7-4668-BE54-9A1E7A4F7556}") = "ThingGUI", "ThingGUI.csproj", "{08FCF4A7-D759-4D0A-8EF9-00B70F7184A4}"
EndProject
Global
	GlobalSection(SolutionConfigurationPlatforms) = preSolution
		Debug|Any CPU = Debug|Any CPU
		Release|Any CPU = Release|Any CPU
	EndGlobalSection
	GlobalSection(ProjectConfigurationPlatforms) = postSolution
		{08FCF4A7-D759-4D0A-8EF9-00B70F7184A4}.Debug|Any CPU.ActiveCfg = Debug|Any CPU
		{08FCF4A7-D759-4D0A-8EF9-00B70F7184A4}.Debug|Any CPU.Build.0 = Debug|Any CPU
		{08FCF4A7-D759-4D0A-8EF9-00B70F7184A4}.Release|Any CPU.ActiveCfg = Release|Any CPU
		{08FCF4A7-D759-4D0A-8EF9-00B70F7184A4}.Release|Any CPU.Build.0 = Release|Any CPU
	EndGlobalSection
	GlobalSection(SolutionProperties) = preSolution
		HideSolutionNode = FALSE
	EndGlobalSection
	GlobalSection(ExtensibilityGlobals) = postSolution
		SolutionGuid = {0F71E6F2-55BA-4DE2-A031-C0322F7EFE5B}
	EndGlobalSection
EndGlobal
